
Microsoft Visual Studio Solution File, Format Version 12.00
# Visual Studio Version 16
VisualStudioVersion = 16.0.31005.135
MinimumVisualStudioVersion = 10.0.40219.1
Project("{FAE04EC0-301F-11D3-BF4B-00C04F79EFBC}") = "WebStore", "WebStore\WebStore.csproj", "{A363B179-6BE0-4A6D-A62B-043EB93826DE}"
EndProject
Global
	GlobalSection(SolutionConfigurationPlatforms) = preSolution
		Debug|Any CPU = Debug|Any CPU
		Release|Any CPU = Release|Any CPU
	EndGlobalSection
	GlobalSection(ProjectConfigurationPlatforms) = postSolution
		{A363B179-6BE0-4A6D-A62B-043EB93826DE}.Debug|Any CPU.ActiveCfg = Debug|Any CPU
		{A363B179-6BE0-4A6D-A62B-043EB93826DE}.Debug|Any CPU.Build.0 = Debug|Any CPU
		{A363B179-6BE0-4A6D-A62B-043EB93826DE}.Release|Any CPU.ActiveCfg = Release|Any CPU
		{A363B179-6BE0-4A6D-A62B-043EB93826DE}.Release|Any CPU.Build.0 = Release|Any CPU
	EndGlobalSection
	GlobalSection(SolutionProperties) = preSolution
		HideSolutionNode = FALSE
	EndGlobalSection
	GlobalSection(ExtensibilityGlobals) = postSolution
		SolutionGuid = {DFB89B73-4261-479B-918A-D5606E5B41C2}
	EndGlobalSection
EndGlobal
